
Microsoft Visual Studio Solution File, Format Version 12.00
# Visual Studio 15
VisualStudioVersion = 15.0.28010.2036
MinimumVisualStudioVersion = 10.0.40219.1
Project("{FAE04EC0-301F-11D3-BF4B-00C04F79EFBC}") = "SDWindowsForms", "SolutionsDesk\SDWindowsForms.csproj", "{D3AC5411-7D6A-48D2-A170-CE01D3F3AA6F}"
EndProject
Project("{FAE04EC0-301F-11D3-BF4B-00C04F79EFBC}") = "SDClasses", "SDClasses\SDClasses.csproj", "{70253F5A-9553-4611-9BEE-F5F122EFCB17}"
EndProject
Project("{FAE04EC0-301F-11D3-BF4B-00C04F79EFBC}") = "SDWeb", "SDWeb\SDWeb.csproj", "{4BFEE65C-9315-45BC-B216-D6537CB81191}"
EndProject
Global
	GlobalSection(SolutionConfigurationPlatforms) = preSolution
		Debug|Any CPU = Debug|Any CPU
		Release|Any CPU = Release|Any CPU
	EndGlobalSection
	GlobalSection(ProjectConfigurationPlatforms) = postSolution
		{D3AC5411-7D6A-48D2-A170-CE01D3F3AA6F}.Debug|Any CPU.ActiveCfg = Debug|Any CPU
		{D3AC5411-7D6A-48D2-A170-CE01D3F3AA6F}.Debug|Any CPU.Build.0 = Debug|Any CPU
		{D3AC5411-7D6A-48D2-A170-CE01D3F3AA6F}.Release|Any CPU.ActiveCfg = Release|Any CPU
		{D3AC5411-7D6A-48D2-A170-CE01D3F3AA6F}.Release|Any CPU.Build.0 = Release|Any CPU
		{70253F5A-9553-4611-9BEE-F5F122EFCB17}.Debug|Any CPU.ActiveCfg = Debug|Any CPU
		{70253F5A-9553-4611-9BEE-F5F122EFCB17}.Debug|Any CPU.Build.0 = Debug|Any CPU
		{70253F5A-9553-4611-9BEE-F5F122EFCB17}.Release|Any CPU.ActiveCfg = Release|Any CPU
		{70253F5A-9553-4611-9BEE-F5F122EFCB17}.Release|Any CPU.Build.0 = Release|Any CPU
		{4BFEE65C-9315-45BC-B216-D6537CB81191}.Debug|Any CPU.ActiveCfg = Debug|Any CPU
		{4BFEE65C-9315-45BC-B216-D6537CB81191}.Debug|Any CPU.Build.0 = Debug|Any CPU
		{4BFEE65C-9315-45BC-B216-D6537CB81191}.Release|Any CPU.ActiveCfg = Release|Any CPU
		{4BFEE65C-9315-45BC-B216-D6537CB81191}.Release|Any CPU.Build.0 = Release|Any CPU
	EndGlobalSection
	GlobalSection(SolutionProperties) = preSolution
		HideSolutionNode = FALSE
	EndGlobalSection
	GlobalSection(ExtensibilityGlobals) = postSolution
		SolutionGuid = {87AF4C72-8196-4F72-B02D-C560ABDC3489}
	EndGlobalSection
EndGlobal
